
Microsoft Visual Studio Solution File, Format Version 12.00
# Visual Studio Version 16
VisualStudioVersion = 16.0.30621.155
MinimumVisualStudioVersion = 10.0.40219.1
Project("{FAE04EC0-301F-11D3-BF4B-00C04F79EFBC}") = "Erdei_Daria_Lab2", "Erdei_Daria_Lab2.csproj", "{300A7BC9-6873-492C-9490-76B49CC89356}"
EndProject
Global
	GlobalSection(SolutionConfigurationPlatforms) = preSolution
		Debug|Any CPU = Debug|Any CPU
		Release|Any CPU = Release|Any CPU
	EndGlobalSection
	GlobalSection(ProjectConfigurationPlatforms) = postSolution
		{300A7BC9-6873-492C-9490-76B49CC89356}.Debug|Any CPU.ActiveCfg = Debug|Any CPU
		{300A7BC9-6873-492C-9490-76B49CC89356}.Debug|Any CPU.Build.0 = Debug|Any CPU
		{300A7BC9-6873-492C-9490-76B49CC89356}.Release|Any CPU.ActiveCfg = Release|Any CPU
		{300A7BC9-6873-492C-9490-76B49CC89356}.Release|Any CPU.Build.0 = Release|Any CPU
	EndGlobalSection
	GlobalSection(SolutionProperties) = preSolution
		HideSolutionNode = FALSE
	EndGlobalSection
	GlobalSection(ExtensibilityGlobals) = postSolution
		SolutionGuid = {8A49840C-6532-4BE8-88E0-1DA58D835646}
	EndGlobalSection
EndGlobal
